// !$*UTF8*$!
{
	archiveVersion = 1;
	classes = {
	};
	objectVersion = 56;
	objects = {

/* Begin PBXBuildFile section */
		34A0391729AAC57B0050E13A /* AppDelegate.swift in Sources */ = {isa = PBXBuildFile; fileRef = 34A0391629AAC57B0050E13A /* AppDelegate.swift */; };
		34A0391929AAC57B0050E13A /* SceneDelegate.swift in Sources */ = {isa = PBXBuildFile; fileRef = 34A0391829AAC57B0050E13A /* SceneDelegate.swift */; };
		34A0391B29AAC57B0050E13A /* ViewController.swift in Sources */ = {isa = PBXBuildFile; fileRef = 34A0391A29AAC57B0050E13A /* ViewController.swift */; };
		34A0391E29AAC57B0050E13A /* Main.storyboard in Resources */ = {isa = PBXBuildFile; fileRef = 34A0391C29AAC57B0050E13A /* Main.storyboard */; };
		34A0392029AAC5800050E13A /* Assets.xcassets in Resources */ = {isa = PBXBuildFile; fileRef = 34A0391F29AAC5800050E13A /* Assets.xcassets */; };
		34A0392329AAC5800050E13A /* LaunchScreen.storyboard in Resources */ = {isa = PBXBuildFile; fileRef = 34A0392129AAC5800050E13A /* LaunchScreen.storyboard */; };
		34A0392E29AAC5800050E13A /* paul_sons_hw8_Parks_nav_tableTests.swift in Sources */ = {isa = PBXBuildFile; fileRef = 34A0392D29AAC5800050E13A /* paul_sons_hw8_Parks_nav_tableTests.swift */; };
		34A0393829AAC5800050E13A /* paul_sons_hw8_Parks_nav_tableUITests.swift in Sources */ = {isa = PBXBuildFile; fileRef = 34A0393729AAC5800050E13A /* paul_sons_hw8_Parks_nav_tableUITests.swift */; };
		34A0393A29AAC5800050E13A /* paul_sons_hw8_Parks_nav_tableUITestsLaunchTests.swift in Sources */ = {isa = PBXBuildFile; fileRef = 34A0393929AAC5800050E13A /* paul_sons_hw8_Parks_nav_tableUITestsLaunchTests.swift */; };
/* End PBXBuildFile section */

/* Begin PBXContainerItemProxy section */
		34A0392A29AAC5800050E13A /* PBXContainerItemProxy */ = {
			isa = PBXContainerItemProxy;
			containerPortal = 34A0390B29AAC57B0050E13A /* Project object */;
			proxyType = 1;
			remoteGlobalIDString = 34A0391229AAC57B0050E13A;
			remoteInfo = "paul-sons-hw8-Parks-nav-table";
		};
		34A0393429AAC5800050E13A /* PBXContainerItemProxy */ = {
			isa = PBXContainerItemProxy;
			containerPortal = 34A0390B29AAC57B0050E13A /* Project object */;
			proxyType = 1;
			remoteGlobalIDString = 34A0391229AAC57B0050E13A;
			remoteInfo = "paul-sons-hw8-Parks-nav-table";
		};
/* End PBXContainerItemProxy section */

/* Begin PBXFileReference section */
		34A0391329AAC57B0050E13A /* paul-sons-hw8-Parks-nav-table.app */ = {isa = PBXFileReference; explicitFileType = wrapper.application; includeInIndex = 0; path = "paul-sons-hw8-Parks-nav-table.app"; sourceTree = BUILT_PRODUCTS_DIR; };
		34A0391629AAC57B0050E13A /* AppDelegate.swift */ = {isa = PBXFileReference; lastKnownFileType = sourcecode.swift; path = AppDelegate.swift; sourceTree = "<group>"; };
		34A0391829AAC57B0050E13A /* SceneDelegate.swift */ = {isa = PBXFileReference; lastKnownFileType = sourcecode.swift; path = SceneDelegate.swift; sourceTree = "<group>"; };
		34A0391A29AAC57B0050E13A /* ViewController.swift */ = {isa = PBXFileReference; lastKnownFileType = sourcecode.swift; path = ViewController.swift; sourceTree = "<group>"; };
		34A0391D29AAC57B0050E13A /* Base */ = {isa = PBXFileReference; lastKnownFileType = file.storyboard; name = Base; path = Base.lproj/Main.storyboard; sourceTree = "<group>"; };
		34A0391F29AAC5800050E13A /* Assets.xcassets */ = {isa = PBXFileReference; lastKnownFileType = folder.assetcatalog; path = Assets.xcassets; sourceTree = "<group>"; };
		34A0392229AAC5800050E13A /* Base */ = {isa = PBXFileReference; lastKnownFileType = file.storyboard; name = Base; path = Base.lproj/LaunchScreen.storyboard; sourceTree = "<group>"; };
		34A0392429AAC5800050E13A /* Info.plist */ = {isa = PBXFileReference; lastKnownFileType = text.plist.xml; path = Info.plist; sourceTree = "<group>"; };
		34A0392929AAC5800050E13A /* paul-sons-hw8-Parks-nav-tableTests.xctest */ = {isa = PBXFileReference; explicitFileType = wrapper.cfbundle; includeInIndex = 0; path = "paul-sons-hw8-Parks-nav-tableTests.xctest"; sourceTree = BUILT_PRODUCTS_DIR; };
		34A0392D29AAC5800050E13A /* paul_sons_hw8_Parks_nav_tableTests.swift */ = {isa = PBXFileReference; lastKnownFileType = sourcecode.swift; path = paul_sons_hw8_Parks_nav_tableTests.swift; sourceTree = "<group>"; };
		34A0393329AAC5800050E13A /* paul-sons-hw8-Parks-nav-tableUITests.xctest */ = {isa = PBXFileReference; explicitFileType = wrapper.cfbundle; includeInIndex = 0; path = "paul-sons-hw8-Parks-nav-tableUITests.xctest"; sourceTree = BUILT_PRODUCTS_DIR; };
		34A0393729AAC5800050E13A /* paul_sons_hw8_Parks_nav_tableUITests.swift */ = {isa = PBXFileReference; lastKnownFileType = sourcecode.swift; path = paul_sons_hw8_Parks_nav_tableUITests.swift; sourceTree = "<group>"; };
		34A0393929AAC5800050E13A /* paul_sons_hw8_Parks_nav_tableUITestsLaunchTests.swift */ = {isa = PBXFileReference; lastKnownFileType = sourcecode.swift; path = paul_sons_hw8_Parks_nav_tableUITestsLaunchTests.swift; sourceTree = "<group>"; };
/* End PBXFileReference section */

/* Begin PBXFrameworksBuildPhase section */
		34A0391029AAC57B0050E13A /* Frameworks */ = {
			isa = PBXFrameworksBuildPhase;
			buildActionMask = 2147483647;
			files = (
			);
			runOnlyForDeploymentPostprocessing = 0;
		};
		34A0392629AAC5800050E13A /* Frameworks */ = {
			isa = PBXFrameworksBuildPhase;
			buildActionMask = 2147483647;
			files = (
			);
			runOnlyForDeploymentPostprocessing = 0;
		};
		34A0393029AAC5800050E13A /* Frameworks */ = {
			isa = PBXFrameworksBuildPhase;
			buildActionMask = 2147483647;
			files = (
			);
			runOnlyForDeploymentPostprocessing = 0;
		};
/* End PBXFrameworksBuildPhase section */

/* Begin PBXGroup section */
		34A0390A29AAC57B0050E13A = {
			isa = PBXGroup;
			children = (
				34A0391529AAC57B0050E13A /* paul-sons-hw8-Parks-nav-table */,
				34A0392C29AAC5800050E13A /* paul-sons-hw8-Parks-nav-tableTests */,
				34A0393629AAC5800050E13A /* paul-sons-hw8-Parks-nav-tableUITests */,
				34A0391429AAC57B0050E13A /* Products */,
			);
			sourceTree = "<group>";
		};
		34A0391429AAC57B0050E13A /* Products */ = {
			isa = PBXGroup;
			children = (
				34A0391329AAC57B0050E13A /* paul-sons-hw8-Parks-nav-table.app */,
				34A0392929AAC5800050E13A /* paul-sons-hw8-Parks-nav-tableTests.xctest */,
				34A0393329AAC5800050E13A /* paul-sons-hw8-Parks-nav-tableUITests.xctest */,
			);
			name = Products;
			sourceTree = "<group>";
		};
		34A0391529AAC57B0050E13A /* paul-sons-hw8-Parks-nav-table */ = {
			isa = PBXGroup;
			children = (
				34A0391629AAC57B0050E13A /* AppDelegate.swift */,
				34A0391829AAC57B0050E13A /* SceneDelegate.swift */,
				34A0391A29AAC57B0050E13A /* ViewController.swift */,
				34A0391C29AAC57B0050E13A /* Main.storyboard */,
				34A0391F29AAC5800050E13A /* Assets.xcassets */,
				34A0392129AAC5800050E13A /* LaunchScreen.storyboard */,
				34A0392429AAC5800050E13A /* Info.plist */,
			);
			path = "paul-sons-hw8-Parks-nav-table";
			sourceTree = "<group>";
		};
		34A0392C29AAC5800050E13A /* paul-sons-hw8-Parks-nav-tableTests */ = {
			isa = PBXGroup;
			children = (
				34A0392D29AAC5800050E13A /* paul_sons_hw8_Parks_nav_tableTests.swift */,
			);
			path = "paul-sons-hw8-Parks-nav-tableTests";
			sourceTree = "<group>";
		};
		34A0393629AAC5800050E13A /* paul-sons-hw8-Parks-nav-tableUITests */ = {
			isa = PBXGroup;
			children = (
				34A0393729AAC5800050E13A /* paul_sons_hw8_Parks_nav_tableUITests.swift */,
				34A0393929AAC5800050E13A /* paul_sons_hw8_Parks_nav_tableUITestsLaunchTests.swift */,
			);
			path = "paul-sons-hw8-Parks-nav-tableUITests";
			sourceTree = "<group>";
		};
/* End PBXGroup section */

/* Begin PBXNativeTarget section */
		34A0391229AAC57B0050E13A /* paul-sons-hw8-Parks-nav-table */ = {
			isa = PBXNativeTarget;
			buildConfigurationList = 34A0393D29AAC5800050E13A /* Build configuration list for PBXNativeTarget "paul-sons-hw8-Parks-nav-table" */;
			buildPhases = (
				34A0390F29AAC57B0050E13A /* Sources */,
				34A0391029AAC57B0050E13A /* Frameworks */,
				34A0391129AAC57B0050E13A /* Resources */,
			);
			buildRules = (
			);
			dependencies = (
			);
			name = "paul-sons-hw8-Parks-nav-table";
			productName = "paul-sons-hw8-Parks-nav-table";
			productReference = 34A0391329AAC57B0050E13A /* paul-sons-hw8-Parks-nav-table.app */;
			productType = "com.apple.product-type.application";
		};
		34A0392829AAC5800050E13A /* paul-sons-hw8-Parks-nav-tableTests */ = {
			isa = PBXNativeTarget;
			buildConfigurationList = 34A0394029AAC5800050E13A /* Build configuration list for PBXNativeTarget "paul-sons-hw8-Parks-nav-tableTests" */;
			buildPhases = (
				34A0392529AAC5800050E13A /* Sources */,
				34A0392629AAC5800050E13A /* Frameworks */,
				34A0392729AAC5800050E13A /* Resources */,
			);
			buildRules = (
			);
			dependencies = (
				34A0392B29AAC5800050E13A /* PBXTargetDependency */,
			);
			name = "paul-sons-hw8-Parks-nav-tableTests";
			productName = "paul-sons-hw8-Parks-nav-tableTests";
			productReference = 34A0392929AAC5800050E13A /* paul-sons-hw8-Parks-nav-tableTests.xctest */;
			productType = "com.apple.product-type.bundle.unit-test";
		};
		34A0393229AAC5800050E13A /* paul-sons-hw8-Parks-nav-tableUITests */ = {
			isa = PBXNativeTarget;
			buildConfigurationList = 34A0394329AAC5800050E13A /* Build configuration list for PBXNativeTarget "paul-sons-hw8-Parks-nav-tableUITests" */;
			buildPhases = (
				34A0392F29AAC5800050E13A /* Sources */,
				34A0393029AAC5800050E13A /* Frameworks */,
				34A0393129AAC5800050E13A /* Resources */,
			);
			buildRules = (
			);
			dependencies = (
				34A0393529AAC5800050E13A /* PBXTargetDependency */,
			);
			name = "paul-sons-hw8-Parks-nav-tableUITests";
			productName = "paul-sons-hw8-Parks-nav-tableUITests";
			productReference = 34A0393329AAC5800050E13A /* paul-sons-hw8-Parks-nav-tableUITests.xctest */;
			productType = "com.apple.product-type.bundle.ui-testing";
		};
/* End PBXNativeTarget section */

/* Begin PBXProject section */
		34A0390B29AAC57B0050E13A /* Project object */ = {
			isa = PBXProject;
			attributes = {
				BuildIndependentTargetsInParallel = 1;
				LastSwiftUpdateCheck = 1420;
				LastUpgradeCheck = 1420;
				TargetAttributes = {
					34A0391229AAC57B0050E13A = {
						CreatedOnToolsVersion = 14.2;
					};
					34A0392829AAC5800050E13A = {
						CreatedOnToolsVersion = 14.2;
						TestTargetID = 34A0391229AAC57B0050E13A;
					};
					34A0393229AAC5800050E13A = {
						CreatedOnToolsVersion = 14.2;
						TestTargetID = 34A0391229AAC57B0050E13A;
					};
				};
			};
			buildConfigurationList = 34A0390E29AAC57B0050E13A /* Build configuration list for PBXProject "paul-sons-hw8-Parks-nav-table" */;
			compatibilityVersion = "Xcode 14.0";
			developmentRegion = en;
			hasScannedForEncodings = 0;
			knownRegions = (
				en,
				Base,
			);
			mainGroup = 34A0390A29AAC57B0050E13A;
			productRefGroup = 34A0391429AAC57B0050E13A /* Products */;
			projectDirPath = "";
			projectRoot = "";
			targets = (
				34A0391229AAC57B0050E13A /* paul-sons-hw8-Parks-nav-table */,
				34A0392829AAC5800050E13A /* paul-sons-hw8-Parks-nav-tableTests */,
				34A0393229AAC5800050E13A /* paul-sons-hw8-Parks-nav-tableUITests */,
			);
		};
/* End PBXProject section */

/* Begin PBXResourcesBuildPhase section */
		34A0391129AAC57B0050E13A /* Resources */ = {
			isa = PBXResourcesBuildPhase;
			buildActionMask = 2147483647;
			files = (
				34A0392329AAC5800050E13A /* LaunchScreen.storyboard in Resources */,
				34A0392029AAC5800050E13A /* Assets.xcassets in Resources */,
				34A0391E29AAC57B0050E13A /* Main.storyboard in Resources */,
			);
			runOnlyForDeploymentPostprocessing = 0;
		};
		34A0392729AAC5800050E13A /* Resources */ = {
			isa = PBXResourcesBuildPhase;
			buildActionMask = 2147483647;
			files = (
			);
			runOnlyForDeploymentPostprocessing = 0;
		};
		34A0393129AAC5800050E13A /* Resources */ = {
			isa = PBXResourcesBuildPhase;
			buildActionMask = 2147483647;
			files = (
			);
			runOnlyForDeploymentPostprocessing = 0;
		};
/* End PBXResourcesBuildPhase section */

/* Begin PBXSourcesBuildPhase section */
		34A0390F29AAC57B0050E13A /* Sources */ = {
			isa = PBXSourcesBuildPhase;
			buildActionMask = 2147483647;
			files = (
				34A0391B29AAC57B0050E13A /* ViewController.swift in Sources */,
				34A0391729AAC57B0050E13A /* AppDelegate.swift in Sources */,
				34A0391929AAC57B0050E13A /* SceneDelegate.swift in Sources */,
			);
			runOnlyForDeploymentPostprocessing = 0;
		};
		34A0392529AAC5800050E13A /* Sources */ = {
			isa = PBXSourcesBuildPhase;
			buildActionMask = 2147483647;
			files = (
				34A0392E29AAC5800050E13A /* paul_sons_hw8_Parks_nav_tableTests.swift in Sources */,
			);
			runOnlyForDeploymentPostprocessing = 0;
		};
		34A0392F29AAC5800050E13A /* Sources */ = {
			isa = PBXSourcesBuildPhase;
			buildActionMask = 2147483647;
			files = (
				34A0393A29AAC5800050E13A /* paul_sons_hw8_Parks_nav_tableUITestsLaunchTests.swift in Sources */,
				34A0393829AAC5800050E13A /* paul_sons_hw8_Parks_nav_tableUITests.swift in Sources */,
			);
			runOnlyForDeploymentPostprocessing = 0;
		};
/* End PBXSourcesBuildPhase section */

/* Begin PBXTargetDependency section */
		34A0392B29AAC5800050E13A /* PBXTargetDependency */ = {
			isa = PBXTargetDependency;
			target = 34A0391229AAC57B0050E13A /* paul-sons-hw8-Parks-nav-table */;
			targetProxy = 34A0392A29AAC5800050E13A /* PBXContainerItemProxy */;
		};
		34A0393529AAC5800050E13A /* PBXTargetDependency */ = {
			isa = PBXTargetDependency;
			target = 34A0391229AAC57B0050E13A /* paul-sons-hw8-Parks-nav-table */;
			targetProxy = 34A0393429AAC5800050E13A /* PBXContainerItemProxy */;
		};
/* End PBXTargetDependency section */

/* Begin PBXVariantGroup section */
		34A0391C29AAC57B0050E13A /* Main.storyboard */ = {
			isa = PBXVariantGroup;
			children = (
				34A0391D29AAC57B0050E13A /* Base */,
			);
			name = Main.storyboard;
			sourceTree = "<group>";
		};
		34A0392129AAC5800050E13A /* LaunchScreen.storyboard */ = {
			isa = PBXVariantGroup;
			children = (
				34A0392229AAC5800050E13A /* Base */,
			);
			name = LaunchScreen.storyboard;
			sourceTree = "<group>";
		};
/* End PBXVariantGroup section */

/* Begin XCBuildConfiguration section */
		34A0393B29AAC5800050E13A /* Debug */ = {
			isa = XCBuildConfiguration;
			buildSettings = {
				ALWAYS_SEARCH_USER_PATHS = NO;
				CLANG_ANALYZER_NONNULL = YES;
				CLANG_ANALYZER_NUMBER_OBJECT_CONVERSION = YES_AGGRESSIVE;
				CLANG_CXX_LANGUAGE_STANDARD = "gnu++20";
				CLANG_ENABLE_MODULES = YES;
				CLANG_ENABLE_OBJC_ARC = YES;
				CLANG_ENABLE_OBJC_WEAK = YES;
				CLANG_WARN_BLOCK_CAPTURE_AUTORELEASING = YES;
				CLANG_WARN_BOOL_CONVERSION = YES;
				CLANG_WARN_COMMA = YES;
				CLANG_WARN_CONSTANT_CONVERSION = YES;
				CLANG_WARN_DEPRECATED_OBJC_IMPLEMENTATIONS = YES;
				CLANG_WARN_DIRECT_OBJC_ISA_USAGE = YES_ERROR;
				CLANG_WARN_DOCUMENTATION_COMMENTS = YES;
				CLANG_WARN_EMPTY_BODY = YES;
				CLANG_WARN_ENUM_CONVERSION = YES;
				CLANG_WARN_INFINITE_RECURSION = YES;
				CLANG_WARN_INT_CONVERSION = YES;
				CLANG_WARN_NON_LITERAL_NULL_CONVERSION = YES;
				CLANG_WARN_OBJC_IMPLICIT_RETAIN_SELF = YES;
				CLANG_WARN_OBJC_LITERAL_CONVERSION = YES;
				CLANG_WARN_OBJC_ROOT_CLASS = YES_ERROR;
				CLANG_WARN_QUOTED_INCLUDE_IN_FRAMEWORK_HEADER = YES;
				CLANG_WARN_RANGE_LOOP_ANALYSIS = YES;
				CLANG_WARN_STRICT_PROTOTYPES = YES;
				CLANG_WARN_SUSPICIOUS_MOVE = YES;
				CLANG_WARN_UNGUARDED_AVAILABILITY = YES_AGGRESSIVE;
				CLANG_WARN_UNREACHABLE_CODE = YES;
				CLANG_WARN__DUPLICATE_METHOD_MATCH = YES;
				COPY_PHASE_STRIP = NO;
				DEBUG_INFORMATION_FORMAT = dwarf;
				ENABLE_STRICT_OBJC_MSGSEND = YES;
				ENABLE_TESTABILITY = YES;
				GCC_C_LANGUAGE_STANDARD = gnu11;
				GCC_DYNAMIC_NO_PIC = NO;
				GCC_NO_COMMON_BLOCKS = YES;
				GCC_OPTIMIZATION_LEVEL = 0;
				GCC_PREPROCESSOR_DEFINITIONS = (
					"DEBUG=1",
					"$(inherited)",
				);
				GCC_WARN_64_TO_32_BIT_CONVERSION = YES;
				GCC_WARN_ABOUT_RETURN_TYPE = YES_ERROR;
				GCC_WARN_UNDECLARED_SELECTOR = YES;
				GCC_WARN_UNINITIALIZED_AUTOS = YES_AGGRESSIVE;
				GCC_WARN_UNUSED_FUNCTION = YES;
				GCC_WARN_UNUSED_VARIABLE = YES;
				IPHONEOS_DEPLOYMENT_TARGET = 16.2;
				MTL_ENABLE_DEBUG_INFO = INCLUDE_SOURCE;
				MTL_FAST_MATH = YES;
				ONLY_ACTIVE_ARCH = YES;
				SDKROOT = iphoneos;
				SWIFT_ACTIVE_COMPILATION_CONDITIONS = DEBUG;
				SWIFT_OPTIMIZATION_LEVEL = "-Onone";
			};
			name = Debug;
		};
		34A0393C29AAC5800050E13A /* Release */ = {
			isa = XCBuildConfiguration;
			buildSettings = {
				ALWAYS_SEARCH_USER_PATHS = NO;
				CLANG_ANALYZER_NONNULL = YES;
				CLANG_ANALYZER_NUMBER_OBJECT_CONVERSION = YES_AGGRESSIVE;
				CLANG_CXX_LANGUAGE_STANDARD = "gnu++20";
				CLANG_ENABLE_MODULES = YES;
				CLANG_ENABLE_OBJC_ARC = YES;
				CLANG_ENABLE_OBJC_WEAK = YES;
				CLANG_WARN_BLOCK_CAPTURE_AUTORELEASING = YES;
				CLANG_WARN_BOOL_CONVERSION = YES;
				CLANG_WARN_COMMA = YES;
				CLANG_WARN_CONSTANT_CONVERSION = YES;
				CLANG_WARN_DEPRECATED_OBJC_IMPLEMENTATIONS = YES;
				CLANG_WARN_DIRECT_OBJC_ISA_USAGE = YES_ERROR;
				CLANG_WARN_DOCUMENTATION_COMMENTS = YES;
				CLANG_WARN_EMPTY_BODY = YES;
				CLANG_WARN_ENUM_CONVERSION = YES;
				CLANG_WARN_INFINITE_RECURSION = YES;
				CLANG_WARN_INT_CONVERSION = YES;
				CLANG_WARN_NON_LITERAL_NULL_CONVERSION = YES;
				CLANG_WARN_OBJC_IMPLICIT_RETAIN_SELF = YES;
				CLANG_WARN_OBJC_LITERAL_CONVERSION = YES;
				CLANG_WARN_OBJC_ROOT_CLASS = YES_ERROR;
				CLANG_WARN_QUOTED_INCLUDE_IN_FRAMEWORK_HEADER = YES;
				CLANG_WARN_RANGE_LOOP_ANALYSIS = YES;
				CLANG_WARN_STRICT_PROTOTYPES = YES;
				CLANG_WARN_SUSPICIOUS_MOVE = YES;
				CLANG_WARN_UNGUARDED_AVAILABILITY = YES_AGGRESSIVE;
				CLANG_WARN_UNREACHABLE_CODE = YES;
				CLANG_WARN__DUPLICATE_METHOD_MATCH = YES;
				COPY_PHASE_STRIP = NO;
				DEBUG_INFORMATION_FORMAT = "dwarf-with-dsym";
				ENABLE_NS_ASSERTIONS = NO;
				ENABLE_STRICT_OBJC_MSGSEND = YES;
				GCC_C_LANGUAGE_STANDARD = gnu11;
				GCC_NO_COMMON_BLOCKS = YES;
				GCC_WARN_64_TO_32_BIT_CONVERSION = YES;
				GCC_WARN_ABOUT_RETURN_TYPE = YES_ERROR;
				GCC_WARN_UNDECLARED_SELECTOR = YES;
				GCC_WARN_UNINITIALIZED_AUTOS = YES_AGGRESSIVE;
				GCC_WARN_UNUSED_FUNCTION = YES;
				GCC_WARN_UNUSED_VARIABLE = YES;
				IPHONEOS_DEPLOYMENT_TARGET = 16.2;
				MTL_ENABLE_DEBUG_INFO = NO;
				MTL_FAST_MATH = YES;
				SDKROOT = iphoneos;
				SWIFT_COMPILATION_MODE = wholemodule;
				SWIFT_OPTIMIZATION_LEVEL = "-O";
				VALIDATE_PRODUCT = YES;
			};
			name = Release;
		};
		34A0393E29AAC5800050E13A /* Debug */ = {
			isa = XCBuildConfiguration;
			buildSettings = {
				ASSETCATALOG_COMPILER_APPICON_NAME = AppIcon;
				ASSETCATALOG_COMPILER_GLOBAL_ACCENT_COLOR_NAME = AccentColor;
				CODE_SIGN_STYLE = Automatic;
				CURRENT_PROJECT_VERSION = 1;
				DEVELOPMENT_TEAM = XX9BD4C763;
				GENERATE_INFOPLIST_FILE = YES;
				INFOPLIST_FILE = "paul-sons-hw8-Parks-nav-table/Info.plist";
				INFOPLIST_KEY_UIApplicationSupportsIndirectInputEvents = YES;
				INFOPLIST_KEY_UILaunchStoryboardName = LaunchScreen;
				INFOPLIST_KEY_UIMainStoryboardFile = Main;
				INFOPLIST_KEY_UISupportedInterfaceOrientations_iPad = "UIInterfaceOrientationPortrait UIInterfaceOrientationPortraitUpsideDown UIInterfaceOrientationLandscapeLeft UIInterfaceOrientationLandscapeRight";
				INFOPLIST_KEY_UISupportedInterfaceOrientations_iPhone = "UIInterfaceOrientationPortrait UIInterfaceOrientationLandscapeLeft UIInterfaceOrientationLandscapeRight";
				LD_RUNPATH_SEARCH_PATHS = (
					"$(inherited)",
					"@executable_path/Frameworks",
				);
				MARKETING_VERSION = 1.0;
				PRODUCT_BUNDLE_IDENTIFIER = "net.psons.paul-sons-hw8-Parks-nav-table";
				PRODUCT_NAME = "$(TARGET_NAME)";
				SWIFT_EMIT_LOC_STRINGS = YES;
				SWIFT_VERSION = 5.0;
				TARGETED_DEVICE_FAMILY = "1,2";
			};
			name = Debug;
		};
		34A0393F29AAC5800050E13A /* Release */ = {
			isa = XCBuildConfiguration;
			buildSettings = {
				ASSETCATALOG_COMPILER_APPICON_NAME = AppIcon;
				ASSETCATALOG_COMPILER_GLOBAL_ACCENT_COLOR_NAME = AccentColor;
				CODE_SIGN_STYLE = Automatic;
				CURRENT_PROJECT_VERSION = 1;
				DEVELOPMENT_TEAM = XX9BD4C763;
				GENERATE_INFOPLIST_FILE = YES;
				INFOPLIST_FILE = "paul-sons-hw8-Parks-nav-table/Info.plist";
				INFOPLIST_KEY_UIApplicationSupportsIndirectInputEvents = YES;
				INFOPLIST_KEY_UILaunchStoryboardName = LaunchScreen;
				INFOPLIST_KEY_UIMainStoryboardFile = Main;
				INFOPLIST_KEY_UISupportedInterfaceOrientations_iPad = "UIInterfaceOrientationPortrait UIInterfaceOrientationPortraitUpsideDown UIInterfaceOrientationLandscapeLeft UIInterfaceOrientationLandscapeRight";
				INFOPLIST_KEY_UISupportedInterfaceOrientations_iPhone = "UIInterfaceOrientationPortrait UIInterfaceOrientationLandscapeLeft UIInterfaceOrientationLandscapeRight";
				LD_RUNPATH_SEARCH_PATHS = (
					"$(inherited)",
					"@executable_path/Frameworks",
				);
				MARKETING_VERSION = 1.0;
				PRODUCT_BUNDLE_IDENTIFIER = "net.psons.paul-sons-hw8-Parks-nav-table";
				PRODUCT_NAME = "$(TARGET_NAME)";
				SWIFT_EMIT_LOC_STRINGS = YES;
				SWIFT_VERSION = 5.0;
				TARGETED_DEVICE_FAMILY = "1,2";
			};
			name = Release;
		};
		34A0394129AAC5800050E13A /* Debug */ = {
			isa = XCBuildConfiguration;
			buildSettings = {
				ALWAYS_EMBED_SWIFT_STANDARD_LIBRARIES = YES;
				BUNDLE_LOADER = "$(TEST_HOST)";
				CODE_SIGN_STYLE = Automatic;
				CURRENT_PROJECT_VERSION = 1;
				DEVELOPMENT_TEAM = XX9BD4C763;
				GENERATE_INFOPLIST_FILE = YES;
				IPHONEOS_DEPLOYMENT_TARGET = 16.2;
				MARKETING_VERSION = 1.0;
				PRODUCT_BUNDLE_IDENTIFIER = "net.psons.paul-sons-hw8-Parks-nav-tableTests";
				PRODUCT_NAME = "$(TARGET_NAME)";
				SWIFT_EMIT_LOC_STRINGS = NO;
				SWIFT_VERSION = 5.0;
				TARGETED_DEVICE_FAMILY = "1,2";
				TEST_HOST = "$(BUILT_PRODUCTS_DIR)/paul-sons-hw8-Parks-nav-table.app/$(BUNDLE_EXECUTABLE_FOLDER_PATH)/paul-sons-hw8-Parks-nav-table";
			};
			name = Debug;
		};
		34A0394229AAC5800050E13A /* Release */ = {
			isa = XCBuildConfiguration;
			buildSettings = {
				ALWAYS_EMBED_SWIFT_STANDARD_LIBRARIES = YES;
				BUNDLE_LOADER = "$(TEST_HOST)";
				CODE_SIGN_STYLE = Automatic;
				CURRENT_PROJECT_VERSION = 1;
				DEVELOPMENT_TEAM = XX9BD4C763;
				GENERATE_INFOPLIST_FILE = YES;
				IPHONEOS_DEPLOYMENT_TARGET = 16.2;
				MARKETING_VERSION = 1.0;
				PRODUCT_BUNDLE_IDENTIFIER = "net.psons.paul-sons-hw8-Parks-nav-tableTests";
				PRODUCT_NAME = "$(TARGET_NAME)";
				SWIFT_EMIT_LOC_STRINGS = NO;
				SWIFT_VERSION = 5.0;
				TARGETED_DEVICE_FAMILY = "1,2";
				TEST_HOST = "$(BUILT_PRODUCTS_DIR)/paul-sons-hw8-Parks-nav-table.app/$(BUNDLE_EXECUTABLE_FOLDER_PATH)/paul-sons-hw8-Parks-nav-table";
			};
			name = Release;
		};
		34A0394429AAC5800050E13A /* Debug */ = {
			isa = XCBuildConfiguration;
			buildSettings = {
				ALWAYS_EMBED_SWIFT_STANDARD_LIBRARIES = YES;
				CODE_SIGN_STYLE = Automatic;
				CURRENT_PROJECT_VERSION = 1;
				DEVELOPMENT_TEAM = XX9BD4C763;
				GENERATE_INFOPLIST_FILE = YES;
				MARKETING_VERSION = 1.0;
				PRODUCT_BUNDLE_IDENTIFIER = "net.psons.paul-sons-hw8-Parks-nav-tableUITests";
				PRODUCT_NAME = "$(TARGET_NAME)";
				SWIFT_EMIT_LOC_STRINGS = NO;
				SWIFT_VERSION = 5.0;
				TARGETED_DEVICE_FAMILY = "1,2";
				TEST_TARGET_NAME = "paul-sons-hw8-Parks-nav-table";
			};
			name = Debug;
		};
		34A0394529AAC5800050E13A /* Release */ = {
			isa = XCBuildConfiguration;
			buildSettings = {
				ALWAYS_EMBED_SWIFT_STANDARD_LIBRARIES = YES;
				CODE_SIGN_STYLE = Automatic;
				CURRENT_PROJECT_VERSION = 1;
				DEVELOPMENT_TEAM = XX9BD4C763;
				GENERATE_INFOPLIST_FILE = YES;
				MARKETING_VERSION = 1.0;
				PRODUCT_BUNDLE_IDENTIFIER = "net.psons.paul-sons-hw8-Parks-nav-tableUITests";
				PRODUCT_NAME = "$(TARGET_NAME)";
				SWIFT_EMIT_LOC_STRINGS = NO;
				SWIFT_VERSION = 5.0;
				TARGETED_DEVICE_FAMILY = "1,2";
				TEST_TARGET_NAME = "paul-sons-hw8-Parks-nav-table";
			};
			name = Release;
		};
/* End XCBuildConfiguration section */

/* Begin XCConfigurationList section */
		34A0390E29AAC57B0050E13A /* Build configuration list for PBXProject "paul-sons-hw8-Parks-nav-table" */ = {
			isa = XCConfigurationList;
			buildConfigurations = (
				34A0393B29AAC5800050E13A /* Debug */,
				34A0393C29AAC5800050E13A /* Release */,
			);
			defaultConfigurationIsVisible = 0;
			defaultConfigurationName = Release;
		};
		34A0393D29AAC5800050E13A /* Build configuration list for PBXNativeTarget "paul-sons-hw8-Parks-nav-table" */ = {
			isa = XCConfigurationList;
			buildConfigurations = (
				34A0393E29AAC5800050E13A /* Debug */,
				34A0393F29AAC5800050E13A /* Release */,
			);
			defaultConfigurationIsVisible = 0;
			defaultConfigurationName = Release;
		};
		34A0394029AAC5800050E13A /* Build configuration list for PBXNativeTarget "paul-sons-hw8-Parks-nav-tableTests" */ = {
			isa = XCConfigurationList;
			buildConfigurations = (
				34A0394129AAC5800050E13A /* Debug */,
				34A0394229AAC5800050E13A /* Release */,
			);
			defaultConfigurationIsVisible = 0;
			defaultConfigurationName = Release;
		};
		34A0394329AAC5800050E13A /* Build configuration list for PBXNativeTarget "paul-sons-hw8-Parks-nav-tableUITests" */ = {
			isa = XCConfigurationList;
			buildConfigurations = (
				34A0394429AAC5800050E13A /* Debug */,
				34A0394529AAC5800050E13A /* Release */,
			);
			defaultConfigurationIsVisible = 0;
			defaultConfigurationName = Release;
		};
/* End XCConfigurationList section */
	};
	rootObject = 34A0390B29AAC57B0050E13A /* Project object */;
}
